<?xml version="1.0" encoding="utf-8"?>
<Project ToolsVersion="4.0" xmlns="http://schemas.microsoft.com/developer/msbuild/2003">
  <ItemGroup>
    <Filter Include="Source Files">
      <UniqueIdentifier>{4FC737F1-C7A5-4376-A066-2A32D752A2FF}</UniqueIdentifier>
      <Extensions>cpp;c;cc;cxx;def;odl;idl;hpj;bat;asm;asmx</Extensions>
    </Filter>
    <Filter Include="Header Files">
      <UniqueIdentifier>{93995380-89BD-4b04-88EB-625FBE52EBFB}</UniqueIdentifier>
      <Extensions>h;hh;hpp;hxx;hm;inl;inc;xsd</Extensions>
    </Filter>
    <Filter Include="Resource Files">
      <UniqueIdentifier>{67DA6AB6-F800-4c08-8B7A-83BB121AAD01}</UniqueIdentifier>
      <Extensions>rc;ico;cur;bmp;dlg;rc2;rct;bin;rgs;gif;jpg;jpeg;jpe;resx;tiff;tif;png;wav;mfcribbon-ms</Extensions>
    </Filter>
    <Filter Include="gl3w">
      <UniqueIdentifier>{be166f70-ae63-49ce-81c7-93bd8f18872e}</UniqueIdentifier>
    </Filter>
    <Filter Include="ImGui">
      <UniqueIdentifier>{82775513-157a-4a71-81d7-5f45a450a6a2}</UniqueIdentifier>
    </Filter>
    <Filter Include="Views">
      <UniqueIdentifier>{d8b9badf-16a6-481d-82ed-55bc805c34a0}</UniqueIdentifier>
    </Filter>
    <Filter Include="shader">
      <UniqueIdentifier>{35553306-5810-4280-86bf-181a4d7d3c86}</UniqueIdentifier>
    </Filter>
  </ItemGroup>
  <ItemGroup>
    <Text Include="ReadMe.txt" />
  </ItemGroup>
  <ItemGroup>
    <ClInclude Include="Source\stdafx.h">
      <Filter>Header Files</Filter>
    </ClInclude>
    <ClInclude Include="Source\targetver.h">
      <Filter>Header Files</Filter>
    </ClInclude>
    <ClInclude Include="Source\Photobooth.h">
      <Filter>Header Files</Filter>
    </ClInclude>
    <ClInclude Include="Source\main.h">
      <Filter>Header Files</Filter>
    </ClInclude>
    <ClInclude Include="Source\GL\gl3w.h">
      <Filter>gl3w</Filter>
    </ClInclude>
    <ClInclude Include="Source\GL\glcorearb.h">
      <Filter>gl3w</Filter>
    </ClInclude>
    <ClInclude Include="Source\ImGuiControl.h">
      <Filter>Header Files</Filter>
    </ClInclude>
    <ClInclude Include="Source\imgui\imgui_impl_opengl3.h">
      <Filter>ImGui</Filter>
    </ClInclude>
    <ClInclude Include="Source\imgui\imgui_internal.h">
      <Filter>ImGui</Filter>
    </ClInclude>
    <ClInclude Include="Source\imgui\imstb_rectpack.h">
      <Filter>ImGui</Filter>
    </ClInclude>
    <ClInclude Include="Source\imgui\imstb_textedit.h">
      <Filter>ImGui</Filter>
    </ClInclude>
    <ClInclude Include="Source\imgui\imstb_truetype.h">
      <Filter>ImGui</Filter>
    </ClInclude>
    <ClInclude Include="Source\imgui\imconfig.h">
      <Filter>ImGui</Filter>
    </ClInclude>
    <ClInclude Include="Source\imgui\imgui.h">
      <Filter>ImGui</Filter>
    </ClInclude>
    <ClInclude Include="Source\imgui\imgui_impl_glfw.h">
      <Filter>ImGui</Filter>
    </ClInclude>
    <ClInclude Include="Source\Views\BaseView.h">
      <Filter>Views</Filter>
    </ClInclude>
    <ClInclude Include="Source\Views\FinishView.h">
      <Filter>Views</Filter>
    </ClInclude>
    <ClInclude Include="Source\Views\SettingsView.h">
      <Filter>Views</Filter>
    </ClInclude>
    <ClInclude Include="Source\Views\StartView.h">
      <Filter>Views</Filter>
    </ClInclude>
    <ClInclude Include="Source\Views\FotoboothView.h">
      <Filter>Views</Filter>
    </ClInclude>
    <ClInclude Include="Source\ViewDefinitions.h">
      <Filter>Header Files</Filter>
    </ClInclude>
    <ClInclude Include="Source\OpenCVCameraGrab.h">
      <Filter>Header Files</Filter>
    </ClInclude>
    <ClInclude Include="Source\plane.hpp">
      <Filter>Header Files</Filter>
    </ClInclude>
    <ClInclude Include="Source\utils.hpp">
      <Filter>Header Files</Filter>
    </ClInclude>
    <ClInclude Include="CameraSettings.h">
      <Filter>Header Files</Filter>
    </ClInclude>
  </ItemGroup>
  <ItemGroup>
    <ClCompile Include="Source\stdafx.cpp">
      <Filter>Source Files</Filter>
    </ClCompile>
    <ClCompile Include="Source\main.cpp">
      <Filter>Source Files</Filter>
    </ClCompile>
    <ClCompile Include="Source\Photobooth.cpp">
      <Filter>Source Files</Filter>
    </ClCompile>
    <ClCompile Include="Source\GL\gl3w.c">
      <Filter>gl3w</Filter>
    </ClCompile>
    <ClCompile Include="Source\ImGuiControl.cpp">
      <Filter>Source Files</Filter>
    </ClCompile>
    <ClCompile Include="Source\imgui\imgui_widgets.cpp">
      <Filter>ImGui</Filter>
    </ClCompile>
    <ClCompile Include="Source\imgui\imgui.cpp">
      <Filter>ImGui</Filter>
    </ClCompile>
    <ClCompile Include="Source\imgui\imgui_demo.cpp">
      <Filter>ImGui</Filter>
    </ClCompile>
    <ClCompile Include="Source\imgui\imgui_draw.cpp">
      <Filter>ImGui</Filter>
    </ClCompile>
    <ClCompile Include="Source\imgui\imgui_impl_glfw.cpp">
      <Filter>ImGui</Filter>
    </ClCompile>
    <ClCompile Include="Source\imgui\imgui_impl_opengl3.cpp">
      <Filter>ImGui</Filter>
    </ClCompile>
    <ClCompile Include="Source\Views\BaseView.cpp">
      <Filter>Views</Filter>
    </ClCompile>
    <ClCompile Include="Source\Views\FinishView.cpp">
      <Filter>Views</Filter>
    </ClCompile>
    <ClCompile Include="Source\Views\FotoboothView.cpp">
      <Filter>Views</Filter>
    </ClCompile>
    <ClCompile Include="Source\Views\SettingsView.cpp">
      <Filter>Views</Filter>
    </ClCompile>
    <ClCompile Include="Source\Views\StartView.cpp">
      <Filter>Views</Filter>
    </ClCompile>
    <ClCompile Include="Source\OpenCVCameraGrab.cpp">
      <Filter>Source Files</Filter>
    </ClCompile>
    <ClCompile Include="Source\plane.cpp">
      <Filter>Source Files</Filter>
    </ClCompile>
    <ClCompile Include="Source\utils.cpp">
      <Filter>Source Files</Filter>
    </ClCompile>
    <ClCompile Include="CameraSettings.cpp">
      <Filter>Source Files</Filter>
    </ClCompile>
  </ItemGroup>
  <ItemGroup>
    <None Include="Source\shader\plane.vert">
      <Filter>shader</Filter>
    </None>
    <None Include="Source\shader\plane.frag">
      <Filter>shader</Filter>
    </None>
  </ItemGroup>
</Project>